// !$*UTF8*$!
{
	archiveVersion = 1;
	classes = {
	};
	objectVersion = 77;
	objects = {

/* Begin PBXContainerItemProxy section */
		9CDAA2CA2E1DBBAA006E2B30 /* PBXContainerItemProxy */ = {
			isa = PBXContainerItemProxy;
			containerPortal = 9CDAA2B42E1DBBA9006E2B30 /* Project object */;
			proxyType = 1;
			remoteGlobalIDString = 9CDAA2BB2E1DBBA9006E2B30;
			remoteInfo = "Train Delay Predictor";
		};
		9CDAA2D42E1DBBAA006E2B30 /* PBXContainerItemProxy */ = {
			isa = PBXContainerItemProxy;
			containerPortal = 9CDAA2B42E1DBBA9006E2B30 /* Project object */;
			proxyType = 1;
			remoteGlobalIDString = 9CDAA2BB2E1DBBA9006E2B30;
			remoteInfo = "Train Delay Predictor";
		};
/* End PBXContainerItemProxy section */

/* Begin PBXFileReference section */
		9CDAA2BC2E1DBBA9006E2B30 /* Train Delay Predictor.app */ = {isa = PBXFileReference; explicitFileType = wrapper.application; includeInIndex = 0; path = "Train Delay Predictor.app"; sourceTree = BUILT_PRODUCTS_DIR; };
		9CDAA2C92E1DBBAA006E2B30 /* Train Delay PredictorTests.xctest */ = {isa = PBXFileReference; explicitFileType = wrapper.cfbundle; includeInIndex = 0; path = "Train Delay PredictorTests.xctest"; sourceTree = BUILT_PRODUCTS_DIR; };
		9CDAA2D32E1DBBAA006E2B30 /* Train Delay PredictorUITests.xctest */ = {isa = PBXFileReference; explicitFileType = wrapper.cfbundle; includeInIndex = 0; path = "Train Delay PredictorUITests.xctest"; sourceTree = BUILT_PRODUCTS_DIR; };
/* End PBXFileReference section */

/* Begin PBXFileSystemSynchronizedRootGroup section */
		9CDAA2BE2E1DBBA9006E2B30 /* Train Delay Predictor */ = {
			isa = PBXFileSystemSynchronizedRootGroup;
			path = "Train Delay Predictor";
			sourceTree = "<group>";
		};
		9CDAA2CC2E1DBBAA006E2B30 /* Train Delay PredictorTests */ = {
			isa = PBXFileSystemSynchronizedRootGroup;
			path = "Train Delay PredictorTests";
			sourceTree = "<group>";
		};
		9CDAA2D62E1DBBAA006E2B30 /* Train Delay PredictorUITests */ = {
			isa = PBXFileSystemSynchronizedRootGroup;
			path = "Train Delay PredictorUITests";
			sourceTree = "<group>";
		};
/* End PBXFileSystemSynchronizedRootGroup section */

/* Begin PBXFrameworksBuildPhase section */
		9CDAA2B92E1DBBA9006E2B30 /* Frameworks */ = {
			isa = PBXFrameworksBuildPhase;
			buildActionMask = 2147483647;
			files = (
			);
			runOnlyForDeploymentPostprocessing = 0;
		};
		9CDAA2C62E1DBBAA006E2B30 /* Frameworks */ = {
			isa = PBXFrameworksBuildPhase;
			buildActionMask = 2147483647;
			files = (
			);
			runOnlyForDeploymentPostprocessing = 0;
		};
		9CDAA2D02E1DBBAA006E2B30 /* Frameworks */ = {
			isa = PBXFrameworksBuildPhase;
			buildActionMask = 2147483647;
			files = (
			);
			runOnlyForDeploymentPostprocessing = 0;
		};
/* End PBXFrameworksBuildPhase section */

/* Begin PBXGroup section */
		9CDAA2B32E1DBBA9006E2B30 = {
			isa = PBXGroup;
			children = (
				9CDAA2BE2E1DBBA9006E2B30 /* Train Delay Predictor */,
				9CDAA2CC2E1DBBAA006E2B30 /* Train Delay PredictorTests */,
				9CDAA2D62E1DBBAA006E2B30 /* Train Delay PredictorUITests */,
				9CDAA2BD2E1DBBA9006E2B30 /* Products */,
			);
			sourceTree = "<group>";
		};
		9CDAA2BD2E1DBBA9006E2B30 /* Products */ = {
			isa = PBXGroup;
			children = (
				9CDAA2BC2E1DBBA9006E2B30 /* Train Delay Predictor.app */,
				9CDAA2C92E1DBBAA006E2B30 /* Train Delay PredictorTests.xctest */,
				9CDAA2D32E1DBBAA006E2B30 /* Train Delay PredictorUITests.xctest */,
			);
			name = Products;
			sourceTree = "<group>";
		};
/* End PBXGroup section */

/* Begin PBXNativeTarget section */
		9CDAA2BB2E1DBBA9006E2B30 /* Train Delay Predictor */ = {
			isa = PBXNativeTarget;
			buildConfigurationList = 9CDAA2DD2E1DBBAA006E2B30 /* Build configuration list for PBXNativeTarget "Train Delay Predictor" */;
			buildPhases = (
				9CDAA2B82E1DBBA9006E2B30 /* Sources */,
				9CDAA2B92E1DBBA9006E2B30 /* Frameworks */,
				9CDAA2BA2E1DBBA9006E2B30 /* Resources */,
			);
			buildRules = (
			);
			dependencies = (
			);
			fileSystemSynchronizedGroups = (
				9CDAA2BE2E1DBBA9006E2B30 /* Train Delay Predictor */,
			);
			name = "Train Delay Predictor";
			packageProductDependencies = (
			);
			productName = "Train Delay Predictor";
			productReference = 9CDAA2BC2E1DBBA9006E2B30 /* Train Delay Predictor.app */;
			productType = "com.apple.product-type.application";
		};
		9CDAA2C82E1DBBAA006E2B30 /* Train Delay PredictorTests */ = {
			isa = PBXNativeTarget;
			buildConfigurationList = 9CDAA2E02E1DBBAA006E2B30 /* Build configuration list for PBXNativeTarget "Train Delay PredictorTests" */;
			buildPhases = (
				9CDAA2C52E1DBBAA006E2B30 /* Sources */,
				9CDAA2C62E1DBBAA006E2B30 /* Frameworks */,
				9CDAA2C72E1DBBAA006E2B30 /* Resources */,
			);
			buildRules = (
			);
			dependencies = (
				9CDAA2CB2E1DBBAA006E2B30 /* PBXTargetDependency */,
			);
			fileSystemSynchronizedGroups = (
				9CDAA2CC2E1DBBAA006E2B30 /* Train Delay PredictorTests */,
			);
			name = "Train Delay PredictorTests";
			packageProductDependencies = (
			);
			productName = "Train Delay PredictorTests";
			productReference = 9CDAA2C92E1DBBAA006E2B30 /* Train Delay PredictorTests.xctest */;
			productType = "com.apple.product-type.bundle.unit-test";
		};
		9CDAA2D22E1DBBAA006E2B30 /* Train Delay PredictorUITests */ = {
			isa = PBXNativeTarget;
			buildConfigurationList = 9CDAA2E32E1DBBAA006E2B30 /* Build configuration list for PBXNativeTarget "Train Delay PredictorUITests" */;
			buildPhases = (
				9CDAA2CF2E1DBBAA006E2B30 /* Sources */,
				9CDAA2D02E1DBBAA006E2B30 /* Frameworks */,
				9CDAA2D12E1DBBAA006E2B30 /* Resources */,
			);
			buildRules = (
			);
			dependencies = (
				9CDAA2D52E1DBBAA006E2B30 /* PBXTargetDependency */,
			);
			fileSystemSynchronizedGroups = (
				9CDAA2D62E1DBBAA006E2B30 /* Train Delay PredictorUITests */,
			);
			name = "Train Delay PredictorUITests";
			packageProductDependencies = (
			);
			productName = "Train Delay PredictorUITests";
			productReference = 9CDAA2D32E1DBBAA006E2B30 /* Train Delay PredictorUITests.xctest */;
			productType = "com.apple.product-type.bundle.ui-testing";
		};
/* End PBXNativeTarget section */

/* Begin PBXProject section */
		9CDAA2B42E1DBBA9006E2B30 /* Project object */ = {
			isa = PBXProject;
			attributes = {
				BuildIndependentTargetsInParallel = 1;
				LastSwiftUpdateCheck = 1640;
				LastUpgradeCheck = 1640;
				TargetAttributes = {
					9CDAA2BB2E1DBBA9006E2B30 = {
						CreatedOnToolsVersion = 16.4;
					};
					9CDAA2C82E1DBBAA006E2B30 = {
						CreatedOnToolsVersion = 16.4;
						TestTargetID = 9CDAA2BB2E1DBBA9006E2B30;
					};
					9CDAA2D22E1DBBAA006E2B30 = {
						CreatedOnToolsVersion = 16.4;
						TestTargetID = 9CDAA2BB2E1DBBA9006E2B30;
					};
				};
			};
			buildConfigurationList = 9CDAA2B72E1DBBA9006E2B30 /* Build configuration list for PBXProject "Train Delay Predictor" */;
			developmentRegion = en;
			hasScannedForEncodings = 0;
			knownRegions = (
				en,
				Base,
			);
			mainGroup = 9CDAA2B32E1DBBA9006E2B30;
			minimizedProjectReferenceProxies = 1;
			preferredProjectObjectVersion = 77;
			productRefGroup = 9CDAA2BD2E1DBBA9006E2B30 /* Products */;
			projectDirPath = "";
			projectRoot = "";
			targets = (
				9CDAA2BB2E1DBBA9006E2B30 /* Train Delay Predictor */,
				9CDAA2C82E1DBBAA006E2B30 /* Train Delay PredictorTests */,
				9CDAA2D22E1DBBAA006E2B30 /* Train Delay PredictorUITests */,
			);
		};
/* End PBXProject section */

/* Begin PBXResourcesBuildPhase section */
		9CDAA2BA2E1DBBA9006E2B30 /* Resources */ = {
			isa = PBXResourcesBuildPhase;
			buildActionMask = 2147483647;
			files = (
			);
			runOnlyForDeploymentPostprocessing = 0;
		};
		9CDAA2C72E1DBBAA006E2B30 /* Resources */ = {
			isa = PBXResourcesBuildPhase;
			buildActionMask = 2147483647;
			files = (
			);
			runOnlyForDeploymentPostprocessing = 0;
		};
		9CDAA2D12E1DBBAA006E2B30 /* Resources */ = {
			isa = PBXResourcesBuildPhase;
			buildActionMask = 2147483647;
			files = (
			);
			runOnlyForDeploymentPostprocessing = 0;
		};
/* End PBXResourcesBuildPhase section */

/* Begin PBXSourcesBuildPhase section */
		9CDAA2B82E1DBBA9006E2B30 /* Sources */ = {
			isa = PBXSourcesBuildPhase;
			buildActionMask = 2147483647;
			files = (
			);
			runOnlyForDeploymentPostprocessing = 0;
		};
		9CDAA2C52E1DBBAA006E2B30 /* Sources */ = {
			isa = PBXSourcesBuildPhase;
			buildActionMask = 2147483647;
			files = (
			);
			runOnlyForDeploymentPostprocessing = 0;
		};
		9CDAA2CF2E1DBBAA006E2B30 /* Sources */ = {
			isa = PBXSourcesBuildPhase;
			buildActionMask = 2147483647;
			files = (
			);
			runOnlyForDeploymentPostprocessing = 0;
		};
/* End PBXSourcesBuildPhase section */

/* Begin PBXTargetDependency section */
		9CDAA2CB2E1DBBAA006E2B30 /* PBXTargetDependency */ = {
			isa = PBXTargetDependency;
			target = 9CDAA2BB2E1DBBA9006E2B30 /* Train Delay Predictor */;
			targetProxy = 9CDAA2CA2E1DBBAA006E2B30 /* PBXContainerItemProxy */;
		};
		9CDAA2D52E1DBBAA006E2B30 /* PBXTargetDependency */ = {
			isa = PBXTargetDependency;
			target = 9CDAA2BB2E1DBBA9006E2B30 /* Train Delay Predictor */;
			targetProxy = 9CDAA2D42E1DBBAA006E2B30 /* PBXContainerItemProxy */;
		};
/* End PBXTargetDependency section */

/* Begin XCBuildConfiguration section */
		9CDAA2DB2E1DBBAA006E2B30 /* Debug */ = {
			isa = XCBuildConfiguration;
			buildSettings = {
				ALWAYS_SEARCH_USER_PATHS = NO;
				ASSETCATALOG_COMPILER_GENERATE_SWIFT_ASSET_SYMBOL_EXTENSIONS = YES;
				CLANG_ANALYZER_NONNULL = YES;
				CLANG_ANALYZER_NUMBER_OBJECT_CONVERSION = YES_AGGRESSIVE;
				CLANG_CXX_LANGUAGE_STANDARD = "gnu++20";
				CLANG_ENABLE_MODULES = YES;
				CLANG_ENABLE_OBJC_ARC = YES;
				CLANG_ENABLE_OBJC_WEAK = YES;
				CLANG_WARN_BLOCK_CAPTURE_AUTORELEASING = YES;
				CLANG_WARN_BOOL_CONVERSION = YES;
				CLANG_WARN_COMMA = YES;
				CLANG_WARN_CONSTANT_CONVERSION = YES;
				CLANG_WARN_DEPRECATED_OBJC_IMPLEMENTATIONS = YES;
				CLANG_WARN_DIRECT_OBJC_ISA_USAGE = YES_ERROR;
				CLANG_WARN_DOCUMENTATION_COMMENTS = YES;
				CLANG_WARN_EMPTY_BODY = YES;
				CLANG_WARN_ENUM_CONVERSION = YES;
				CLANG_WARN_INFINITE_RECURSION = YES;
				CLANG_WARN_INT_CONVERSION = YES;
				CLANG_WARN_NON_LITERAL_NULL_CONVERSION = YES;
				CLANG_WARN_OBJC_IMPLICIT_RETAIN_SELF = YES;
				CLANG_WARN_OBJC_LITERAL_CONVERSION = YES;
				CLANG_WARN_OBJC_ROOT_CLASS = YES_ERROR;
				CLANG_WARN_QUOTED_INCLUDE_IN_FRAMEWORK_HEADER = YES;
				CLANG_WARN_RANGE_LOOP_ANALYSIS = YES;
				CLANG_WARN_STRICT_PROTOTYPES = YES;
				CLANG_WARN_SUSPICIOUS_MOVE = YES;
				CLANG_WARN_UNGUARDED_AVAILABILITY = YES_AGGRESSIVE;
				CLANG_WARN_UNREACHABLE_CODE = YES;
				CLANG_WARN__DUPLICATE_METHOD_MATCH = YES;
				COPY_PHASE_STRIP = NO;
				DEBUG_INFORMATION_FORMAT = dwarf;
				ENABLE_STRICT_OBJC_MSGSEND = YES;
				ENABLE_TESTABILITY = YES;
				ENABLE_USER_SCRIPT_SANDBOXING = YES;
				GCC_C_LANGUAGE_STANDARD = gnu17;
				GCC_DYNAMIC_NO_PIC = NO;
				GCC_NO_COMMON_BLOCKS = YES;
				GCC_OPTIMIZATION_LEVEL = 0;
				GCC_PREPROCESSOR_DEFINITIONS = (
					"DEBUG=1",
					"$(inherited)",
				);
				GCC_WARN_64_TO_32_BIT_CONVERSION = YES;
				GCC_WARN_ABOUT_RETURN_TYPE = YES_ERROR;
				GCC_WARN_UNDECLARED_SELECTOR = YES;
				GCC_WARN_UNINITIALIZED_AUTOS = YES_AGGRESSIVE;
				GCC_WARN_UNUSED_FUNCTION = YES;
				GCC_WARN_UNUSED_VARIABLE = YES;
				IPHONEOS_DEPLOYMENT_TARGET = 18.5;
				LOCALIZATION_PREFERS_STRING_CATALOGS = YES;
				MTL_ENABLE_DEBUG_INFO = INCLUDE_SOURCE;
				MTL_FAST_MATH = YES;
				ONLY_ACTIVE_ARCH = YES;
				SDKROOT = iphoneos;
				SWIFT_ACTIVE_COMPILATION_CONDITIONS = "DEBUG $(inherited)";
				SWIFT_OPTIMIZATION_LEVEL = "-Onone";
			};
			name = Debug;
		};
		9CDAA2DC2E1DBBAA006E2B30 /* Release */ = {
			isa = XCBuildConfiguration;
			buildSettings = {
				ALWAYS_SEARCH_USER_PATHS = NO;
				ASSETCATALOG_COMPILER_GENERATE_SWIFT_ASSET_SYMBOL_EXTENSIONS = YES;
				CLANG_ANALYZER_NONNULL = YES;
				CLANG_ANALYZER_NUMBER_OBJECT_CONVERSION = YES_AGGRESSIVE;
				CLANG_CXX_LANGUAGE_STANDARD = "gnu++20";
				CLANG_ENABLE_MODULES = YES;
				CLANG_ENABLE_OBJC_ARC = YES;
				CLANG_ENABLE_OBJC_WEAK = YES;
				CLANG_WARN_BLOCK_CAPTURE_AUTORELEASING = YES;
				CLANG_WARN_BOOL_CONVERSION = YES;
				CLANG_WARN_COMMA = YES;
				CLANG_WARN_CONSTANT_CONVERSION = YES;
				CLANG_WARN_DEPRECATED_OBJC_IMPLEMENTATIONS = YES;
				CLANG_WARN_DIRECT_OBJC_ISA_USAGE = YES_ERROR;
				CLANG_WARN_DOCUMENTATION_COMMENTS = YES;
				CLANG_WARN_EMPTY_BODY = YES;
				CLANG_WARN_ENUM_CONVERSION = YES;
				CLANG_WARN_INFINITE_RECURSION = YES;
				CLANG_WARN_INT_CONVERSION = YES;
				CLANG_WARN_NON_LITERAL_NULL_CONVERSION = YES;
				CLANG_WARN_OBJC_IMPLICIT_RETAIN_SELF = YES;
				CLANG_WARN_OBJC_LITERAL_CONVERSION = YES;
				CLANG_WARN_OBJC_ROOT_CLASS = YES_ERROR;
				CLANG_WARN_QUOTED_INCLUDE_IN_FRAMEWORK_HEADER = YES;
				CLANG_WARN_RANGE_LOOP_ANALYSIS = YES;
				CLANG_WARN_STRICT_PROTOTYPES = YES;
				CLANG_WARN_SUSPICIOUS_MOVE = YES;
				CLANG_WARN_UNGUARDED_AVAILABILITY = YES_AGGRESSIVE;
				CLANG_WARN_UNREACHABLE_CODE = YES;
				CLANG_WARN__DUPLICATE_METHOD_MATCH = YES;
				COPY_PHASE_STRIP = NO;
				DEBUG_INFORMATION_FORMAT = "dwarf-with-dsym";
				ENABLE_NS_ASSERTIONS = NO;
				ENABLE_STRICT_OBJC_MSGSEND = YES;
				ENABLE_USER_SCRIPT_SANDBOXING = YES;
				GCC_C_LANGUAGE_STANDARD = gnu17;
				GCC_NO_COMMON_BLOCKS = YES;
				GCC_WARN_64_TO_32_BIT_CONVERSION = YES;
				GCC_WARN_ABOUT_RETURN_TYPE = YES_ERROR;
				GCC_WARN_UNDECLARED_SELECTOR = YES;
				GCC_WARN_UNINITIALIZED_AUTOS = YES_AGGRESSIVE;
				GCC_WARN_UNUSED_FUNCTION = YES;
				GCC_WARN_UNUSED_VARIABLE = YES;
				IPHONEOS_DEPLOYMENT_TARGET = 18.5;
				LOCALIZATION_PREFERS_STRING_CATALOGS = YES;
				MTL_ENABLE_DEBUG_INFO = NO;
				MTL_FAST_MATH = YES;
				SDKROOT = iphoneos;
				SWIFT_COMPILATION_MODE = wholemodule;
				VALIDATE_PRODUCT = YES;
			};
			name = Release;
		};
		9CDAA2DE2E1DBBAA006E2B30 /* Debug */ = {
			isa = XCBuildConfiguration;
			buildSettings = {
				ASSETCATALOG_COMPILER_APPICON_NAME = AppIcon;
				ASSETCATALOG_COMPILER_GLOBAL_ACCENT_COLOR_NAME = AccentColor;
				CODE_SIGN_STYLE = Automatic;
				CURRENT_PROJECT_VERSION = 1;
				ENABLE_PREVIEWS = YES;
				GENERATE_INFOPLIST_FILE = YES;
				INFOPLIST_KEY_UIApplicationSceneManifest_Generation = YES;
				INFOPLIST_KEY_UIApplicationSupportsIndirectInputEvents = YES;
				INFOPLIST_KEY_UILaunchScreen_Generation = YES;
				INFOPLIST_KEY_UISupportedInterfaceOrientations_iPad = "UIInterfaceOrientationPortrait UIInterfaceOrientationPortraitUpsideDown UIInterfaceOrientationLandscapeLeft UIInterfaceOrientationLandscapeRight";
				INFOPLIST_KEY_UISupportedInterfaceOrientations_iPhone = "UIInterfaceOrientationPortrait UIInterfaceOrientationLandscapeLeft UIInterfaceOrientationLandscapeRight";
				LD_RUNPATH_SEARCH_PATHS = (
					"$(inherited)",
					"@executable_path/Frameworks",
				);
				MARKETING_VERSION = 1.0;
				PRODUCT_BUNDLE_IDENTIFIER = "citadel.Train-Delay-Predictor";
				PRODUCT_NAME = "$(TARGET_NAME)";
				SWIFT_EMIT_LOC_STRINGS = YES;
				SWIFT_VERSION = 5.0;
				TARGETED_DEVICE_FAMILY = "1,2";
			};
			name = Debug;
		};
		9CDAA2DF2E1DBBAA006E2B30 /* Release */ = {
			isa = XCBuildConfiguration;
			buildSettings = {
				ASSETCATALOG_COMPILER_APPICON_NAME = AppIcon;
				ASSETCATALOG_COMPILER_GLOBAL_ACCENT_COLOR_NAME = AccentColor;
				CODE_SIGN_STYLE = Automatic;
				CURRENT_PROJECT_VERSION = 1;
				ENABLE_PREVIEWS = YES;
				GENERATE_INFOPLIST_FILE = YES;
				INFOPLIST_KEY_UIApplicationSceneManifest_Generation = YES;
				INFOPLIST_KEY_UIApplicationSupportsIndirectInputEvents = YES;
				INFOPLIST_KEY_UILaunchScreen_Generation = YES;
				INFOPLIST_KEY_UISupportedInterfaceOrientations_iPad = "UIInterfaceOrientationPortrait UIInterfaceOrientationPortraitUpsideDown UIInterfaceOrientationLandscapeLeft UIInterfaceOrientationLandscapeRight";
				INFOPLIST_KEY_UISupportedInterfaceOrientations_iPhone = "UIInterfaceOrientationPortrait UIInterfaceOrientationLandscapeLeft UIInterfaceOrientationLandscapeRight";
				LD_RUNPATH_SEARCH_PATHS = (
					"$(inherited)",
					"@executable_path/Frameworks",
				);
				MARKETING_VERSION = 1.0;
				PRODUCT_BUNDLE_IDENTIFIER = "citadel.Train-Delay-Predictor";
				PRODUCT_NAME = "$(TARGET_NAME)";
				SWIFT_EMIT_LOC_STRINGS = YES;
				SWIFT_VERSION = 5.0;
				TARGETED_DEVICE_FAMILY = "1,2";
			};
			name = Release;
		};
		9CDAA2E12E1DBBAA006E2B30 /* Debug */ = {
			isa = XCBuildConfiguration;
			buildSettings = {
				BUNDLE_LOADER = "$(TEST_HOST)";
				CODE_SIGN_STYLE = Automatic;
				CURRENT_PROJECT_VERSION = 1;
				GENERATE_INFOPLIST_FILE = YES;
				IPHONEOS_DEPLOYMENT_TARGET = 18.5;
				MARKETING_VERSION = 1.0;
				PRODUCT_BUNDLE_IDENTIFIER = "citadel.Train-Delay-PredictorTests";
				PRODUCT_NAME = "$(TARGET_NAME)";
				SWIFT_EMIT_LOC_STRINGS = NO;
				SWIFT_VERSION = 5.0;
				TARGETED_DEVICE_FAMILY = "1,2";
				TEST_HOST = "$(BUILT_PRODUCTS_DIR)/Train Delay Predictor.app/$(BUNDLE_EXECUTABLE_FOLDER_PATH)/Train Delay Predictor";
			};
			name = Debug;
		};
		9CDAA2E22E1DBBAA006E2B30 /* Release */ = {
			isa = XCBuildConfiguration;
			buildSettings = {
				BUNDLE_LOADER = "$(TEST_HOST)";
				CODE_SIGN_STYLE = Automatic;
				CURRENT_PROJECT_VERSION = 1;
				GENERATE_INFOPLIST_FILE = YES;
				IPHONEOS_DEPLOYMENT_TARGET = 18.5;
				MARKETING_VERSION = 1.0;
				PRODUCT_BUNDLE_IDENTIFIER = "citadel.Train-Delay-PredictorTests";
				PRODUCT_NAME = "$(TARGET_NAME)";
				SWIFT_EMIT_LOC_STRINGS = NO;
				SWIFT_VERSION = 5.0;
				TARGETED_DEVICE_FAMILY = "1,2";
				TEST_HOST = "$(BUILT_PRODUCTS_DIR)/Train Delay Predictor.app/$(BUNDLE_EXECUTABLE_FOLDER_PATH)/Train Delay Predictor";
			};
			name = Release;
		};
		9CDAA2E42E1DBBAA006E2B30 /* Debug */ = {
			isa = XCBuildConfiguration;
			buildSettings = {
				CODE_SIGN_STYLE = Automatic;
				CURRENT_PROJECT_VERSION = 1;
				GENERATE_INFOPLIST_FILE = YES;
				MARKETING_VERSION = 1.0;
				PRODUCT_BUNDLE_IDENTIFIER = "citadel.Train-Delay-PredictorUITests";
				PRODUCT_NAME = "$(TARGET_NAME)";
				SWIFT_EMIT_LOC_STRINGS = NO;
				SWIFT_VERSION = 5.0;
				TARGETED_DEVICE_FAMILY = "1,2";
				TEST_TARGET_NAME = "Train Delay Predictor";
			};
			name = Debug;
		};
		9CDAA2E52E1DBBAA006E2B30 /* Release */ = {
			isa = XCBuildConfiguration;
			buildSettings = {
				CODE_SIGN_STYLE = Automatic;
				CURRENT_PROJECT_VERSION = 1;
				GENERATE_INFOPLIST_FILE = YES;
				MARKETING_VERSION = 1.0;
				PRODUCT_BUNDLE_IDENTIFIER = "citadel.Train-Delay-PredictorUITests";
				PRODUCT_NAME = "$(TARGET_NAME)";
				SWIFT_EMIT_LOC_STRINGS = NO;
				SWIFT_VERSION = 5.0;
				TARGETED_DEVICE_FAMILY = "1,2";
				TEST_TARGET_NAME = "Train Delay Predictor";
			};
			name = Release;
		};
/* End XCBuildConfiguration section */

/* Begin XCConfigurationList section */
		9CDAA2B72E1DBBA9006E2B30 /* Build configuration list for PBXProject "Train Delay Predictor" */ = {
			isa = XCConfigurationList;
			buildConfigurations = (
				9CDAA2DB2E1DBBAA006E2B30 /* Debug */,
				9CDAA2DC2E1DBBAA006E2B30 /* Release */,
			);
			defaultConfigurationIsVisible = 0;
			defaultConfigurationName = Release;
		};
		9CDAA2DD2E1DBBAA006E2B30 /* Build configuration list for PBXNativeTarget "Train Delay Predictor" */ = {
			isa = XCConfigurationList;
			buildConfigurations = (
				9CDAA2DE2E1DBBAA006E2B30 /* Debug */,
				9CDAA2DF2E1DBBAA006E2B30 /* Release */,
			);
			defaultConfigurationIsVisible = 0;
			defaultConfigurationName = Release;
		};
		9CDAA2E02E1DBBAA006E2B30 /* Build configuration list for PBXNativeTarget "Train Delay PredictorTests" */ = {
			isa = XCConfigurationList;
			buildConfigurations = (
				9CDAA2E12E1DBBAA006E2B30 /* Debug */,
				9CDAA2E22E1DBBAA006E2B30 /* Release */,
			);
			defaultConfigurationIsVisible = 0;
			defaultConfigurationName = Release;
		};
		9CDAA2E32E1DBBAA006E2B30 /* Build configuration list for PBXNativeTarget "Train Delay PredictorUITests" */ = {
			isa = XCConfigurationList;
			buildConfigurations = (
				9CDAA2E42E1DBBAA006E2B30 /* Debug */,
				9CDAA2E52E1DBBAA006E2B30 /* Release */,
			);
			defaultConfigurationIsVisible = 0;
			defaultConfigurationName = Release;
		};
/* End XCConfigurationList section */
	};
	rootObject = 9CDAA2B42E1DBBA9006E2B30 /* Project object */;
}
